PODS:
  - XXXXXFoundationKit (0.1.0)

DEPENDENCIES:
  - XXXXXFoundationKit (from `../`)

EXTERNAL SOURCES:
  XXXXXFoundationKit:
    :path: "../"

SPEC CHECKSUMS:
  XXXXXFoundationKit: a246f4a1f50fa18272e20fe3a0d09f8223943966

PODFILE CHECKSUM: 1984c1df2a4619c0425e1688396f26a2b6077d7d

COCOAPODS: 1.10.1
